
Microsoft Visual Studio Solution File, Format Version 12.00
# Visual Studio Version 17
VisualStudioVersion = 17.5.002.0
MinimumVisualStudioVersion = 10.0.40219.1
Project("{9A19103F-16F7-4668-BE54-9A1E7A4F7556}") = "Personalized_Library_System", "Personalized_Library_System.csproj", "{CF31A5BB-A464-4B39-B686-65042018D5B5}"
EndProject
Global
	GlobalSection(SolutionConfigurationPlatforms) = preSolution
		Debug|Any CPU = Debug|Any CPU
		Release|Any CPU = Release|Any CPU
	EndGlobalSection
	GlobalSection(ProjectConfigurationPlatforms) = postSolution
		{CF31A5BB-A464-4B39-B686-65042018D5B5}.Debug|Any CPU.ActiveCfg = Debug|Any CPU
		{CF31A5BB-A464-4B39-B686-65042018D5B5}.Debug|Any CPU.Build.0 = Debug|Any CPU
		{CF31A5BB-A464-4B39-B686-65042018D5B5}.Release|Any CPU.ActiveCfg = Release|Any CPU
		{CF31A5BB-A464-4B39-B686-65042018D5B5}.Release|Any CPU.Build.0 = Release|Any CPU
	EndGlobalSection
	GlobalSection(SolutionProperties) = preSolution
		HideSolutionNode = FALSE
	EndGlobalSection
	GlobalSection(ExtensibilityGlobals) = postSolution
		SolutionGuid = {7703CE23-8FE0-476F-AE4B-DDB3E4858C1F}
	EndGlobalSection
EndGlobal
